
Microsoft Visual Studio Solution File, Format Version 12.00
# Visual Studio Version 16
VisualStudioVersion = 16.0.30717.126
MinimumVisualStudioVersion = 10.0.40219.1
Project("{FAE04EC0-301F-11D3-BF4B-00C04F79EFBC}") = "HelloUI", "HelloUI\HelloUI.csproj", "{89BC2CF1-1493-42C1-8E7F-D79457B7D173}"
EndProject
Project("{FAE04EC0-301F-11D3-BF4B-00C04F79EFBC}") = "HelloWorld", "HelloWorld\HelloWorld.csproj", "{045AD635-5157-4475-9004-176B326865CB}"
EndProject
Global
	GlobalSection(SolutionConfigurationPlatforms) = preSolution
		Debug|Any CPU = Debug|Any CPU
		Debug|x86 = Debug|x86
		Release|Any CPU = Release|Any CPU
		Release|x86 = Release|x86
	EndGlobalSection
	GlobalSection(ProjectConfigurationPlatforms) = postSolution
		{89BC2CF1-1493-42C1-8E7F-D79457B7D173}.Debug|Any CPU.ActiveCfg = Debug|Any CPU
		{89BC2CF1-1493-42C1-8E7F-D79457B7D173}.Debug|Any CPU.Build.0 = Debug|Any CPU
		{89BC2CF1-1493-42C1-8E7F-D79457B7D173}.Debug|x86.ActiveCfg = Debug|x86
		{89BC2CF1-1493-42C1-8E7F-D79457B7D173}.Debug|x86.Build.0 = Debug|x86
		{89BC2CF1-1493-42C1-8E7F-D79457B7D173}.Release|Any CPU.ActiveCfg = Release|Any CPU
		{89BC2CF1-1493-42C1-8E7F-D79457B7D173}.Release|Any CPU.Build.0 = Release|Any CPU
		{89BC2CF1-1493-42C1-8E7F-D79457B7D173}.Release|x86.ActiveCfg = Release|x86
		{89BC2CF1-1493-42C1-8E7F-D79457B7D173}.Release|x86.Build.0 = Release|x86
		{045AD635-5157-4475-9004-176B326865CB}.Debug|Any CPU.ActiveCfg = Debug|Any CPU
		{045AD635-5157-4475-9004-176B326865CB}.Debug|Any CPU.Build.0 = Debug|Any CPU
		{045AD635-5157-4475-9004-176B326865CB}.Debug|x86.ActiveCfg = Debug|x86
		{045AD635-5157-4475-9004-176B326865CB}.Debug|x86.Build.0 = Debug|x86
		{045AD635-5157-4475-9004-176B326865CB}.Release|Any CPU.ActiveCfg = Release|Any CPU
		{045AD635-5157-4475-9004-176B326865CB}.Release|Any CPU.Build.0 = Release|Any CPU
		{045AD635-5157-4475-9004-176B326865CB}.Release|x86.ActiveCfg = Release|x86
		{045AD635-5157-4475-9004-176B326865CB}.Release|x86.Build.0 = Release|x86
	EndGlobalSection
	GlobalSection(SolutionProperties) = preSolution
		HideSolutionNode = FALSE
	EndGlobalSection
	GlobalSection(ExtensibilityGlobals) = postSolution
		SolutionGuid = {4C7304E6-675B-4ABD-A8FA-493F6024BBF2}
	EndGlobalSection
EndGlobal
